
Microsoft Visual Studio Solution File, Format Version 12.00
# Visual Studio Version 16
VisualStudioVersion = 16.0.32002.261
MinimumVisualStudioVersion = 10.0.40219.1
Project("{FAE04EC0-301F-11D3-BF4B-00C04F79EFBC}") = "WindowsFormsControlsDemo", "WindowsFormsControlsDemo\WindowsFormsControlsDemo.csproj", "{94FDC2FE-6E15-4AC9-8A01-F40CB41493F3}"
EndProject
Global
	GlobalSection(SolutionConfigurationPlatforms) = preSolution
		Debug|Any CPU = Debug|Any CPU
		Release|Any CPU = Release|Any CPU
	EndGlobalSection
	GlobalSection(ProjectConfigurationPlatforms) = postSolution
		{94FDC2FE-6E15-4AC9-8A01-F40CB41493F3}.Debug|Any CPU.ActiveCfg = Debug|Any CPU
		{94FDC2FE-6E15-4AC9-8A01-F40CB41493F3}.Debug|Any CPU.Build.0 = Debug|Any CPU
		{94FDC2FE-6E15-4AC9-8A01-F40CB41493F3}.Release|Any CPU.ActiveCfg = Release|Any CPU
		{94FDC2FE-6E15-4AC9-8A01-F40CB41493F3}.Release|Any CPU.Build.0 = Release|Any CPU
	EndGlobalSection
	GlobalSection(SolutionProperties) = preSolution
		HideSolutionNode = FALSE
	EndGlobalSection
	GlobalSection(ExtensibilityGlobals) = postSolution
		SolutionGuid = {7F906DA5-ADC9-470B-95F6-DDC56237AFA7}
	EndGlobalSection
EndGlobal
